
Microsoft Visual Studio Solution File, Format Version 12.00
# Visual Studio Version 16
VisualStudioVersion = 16.0.30804.86
MinimumVisualStudioVersion = 10.0.40219.1
Project("{9A19103F-16F7-4668-BE54-9A1E7A4F7556}") = "NoseDelivery.API", "NoseDelivery.API\NoseDelivery.API.csproj", "{2D5BA6D9-053E-47D2-8276-B342D8C733E0}"
EndProject
Project("{FAE04EC0-301F-11D3-BF4B-00C04F79EFBC}") = "NoseDelivery.Business", "NoseDelivery.Business\NoseDelivery.Business.csproj", "{1A776B79-4650-4D9A-B148-E9B5DD4D58AA}"
EndProject
Project("{FAE04EC0-301F-11D3-BF4B-00C04F79EFBC}") = "NoseDelivery.Data", "NoseDelivery.Data\NoseDelivery.Data.csproj", "{3EE0D00E-8379-4FAC-A2FF-9B273C839BA2}"
EndProject
Global
	GlobalSection(SolutionConfigurationPlatforms) = preSolution
		Debug|Any CPU = Debug|Any CPU
		Release|Any CPU = Release|Any CPU
	EndGlobalSection
	GlobalSection(ProjectConfigurationPlatforms) = postSolution
		{2D5BA6D9-053E-47D2-8276-B342D8C733E0}.Debug|Any CPU.ActiveCfg = Debug|Any CPU
		{2D5BA6D9-053E-47D2-8276-B342D8C733E0}.Debug|Any CPU.Build.0 = Debug|Any CPU
		{2D5BA6D9-053E-47D2-8276-B342D8C733E0}.Release|Any CPU.ActiveCfg = Release|Any CPU
		{2D5BA6D9-053E-47D2-8276-B342D8C733E0}.Release|Any CPU.Build.0 = Release|Any CPU
		{1A776B79-4650-4D9A-B148-E9B5DD4D58AA}.Debug|Any CPU.ActiveCfg = Debug|Any CPU
		{1A776B79-4650-4D9A-B148-E9B5DD4D58AA}.Debug|Any CPU.Build.0 = Debug|Any CPU
		{1A776B79-4650-4D9A-B148-E9B5DD4D58AA}.Release|Any CPU.ActiveCfg = Release|Any CPU
		{1A776B79-4650-4D9A-B148-E9B5DD4D58AA}.Release|Any CPU.Build.0 = Release|Any CPU
		{3EE0D00E-8379-4FAC-A2FF-9B273C839BA2}.Debug|Any CPU.ActiveCfg = Debug|Any CPU
		{3EE0D00E-8379-4FAC-A2FF-9B273C839BA2}.Debug|Any CPU.Build.0 = Debug|Any CPU
		{3EE0D00E-8379-4FAC-A2FF-9B273C839BA2}.Release|Any CPU.ActiveCfg = Release|Any CPU
		{3EE0D00E-8379-4FAC-A2FF-9B273C839BA2}.Release|Any CPU.Build.0 = Release|Any CPU
	EndGlobalSection
	GlobalSection(SolutionProperties) = preSolution
		HideSolutionNode = FALSE
	EndGlobalSection
	GlobalSection(ExtensibilityGlobals) = postSolution
		SolutionGuid = {98BBD562-E1D6-477F-9F4A-B99C1592DDDA}
	EndGlobalSection
EndGlobal
